{
  "name": "tenantfirstaid",
  "lockfileVersion": 3,
  "requires": true,
  "packages": {
    "": {
      "dependencies": {
        "@tanstack/react-query": "^5.77.2"
      }
    },
    "node_modules/@tanstack/query-core": {
      "version": "5.77.2",
      "resolved": "https://registry.npmjs.org/@tanstack/query-core/-/query-core-5.77.2.tgz",
      "integrity": "sha512-1lqJwPsR6GX6nZFw06erRt518O19tWU6Q+x0fJUygl4lxHCYF2nhzBPwLKk2NPjYOrpR0K567hxPc5K++xDe9Q==",
      "license": "MIT",
      "funding": {
        "type": "github",
        "url": "https://github.com/sponsors/tannerlinsley"
      }
    },
    "node_modules/@tanstack/react-query": {
      "version": "5.77.2",
      "resolved": "https://registry.npmjs.org/@tanstack/react-query/-/react-query-5.77.2.tgz",
      "integrity": "sha512-BRHxWdy1mHmgAcYA/qy2IPLylT81oebLgkm9K85viN2Qol/Vq48t1dzDFeDIVQjTWDV96AmqsLNPlH5HjyKCxA==",
      "license": "MIT",
      "dependencies": {
        "@tanstack/query-core": "5.77.2"
      },
      "funding": {
        "type": "github",
        "url": "https://github.com/sponsors/tannerlinsley"
      },
      "peerDependencies": {
        "react": "^18 || ^19"
      }
    },
    "node_modules/react": {
      "version": "19.1.0",
      "resolved": "https://registry.npmjs.org/react/-/react-19.1.0.tgz",
      "integrity": "sha512-FS+XFBNvn3GTAWq26joslQgWNoFu08F4kl0J4CgdNKADkdSGXQyTCnKteIAJy96Br6YbpEU1LSzV5dYtjMkMDg==",
      "license": "MIT",
      "peer": true,
      "engines": {
        "node": ">=0.10.0"
      }
    }
  }
}
